
Microsoft Visual Studio Solution File, Format Version 12.00
# Visual Studio 15
VisualStudioVersion = 15.0.26430.16
MinimumVisualStudioVersion = 10.0.40219.1
Project("{FAE04EC0-301F-11D3-BF4B-00C04F79EFBC}") = "LibraryPgm", "LibraryPgm\LibraryPgm.csproj", "{878D9DF9-68B2-4A76-BC31-F8E60E46E78C}"
EndProject
Project("{FAE04EC0-301F-11D3-BF4B-00C04F79EFBC}") = "LibraryIteratorPgm", "LibraryIteratorPgm\LibraryIteratorPgm.csproj", "{685D2B18-56FA-4068-A160-39CDB1CC47EF}"
EndProject
Project("{FAE04EC0-301F-11D3-BF4B-00C04F79EFBC}") = "ComparableBook", "ComparableBook\ComparableBook.csproj", "{9FAB89A7-99C3-4B4F-B146-2C619D79C286}"
EndProject
Project("{FAE04EC0-301F-11D3-BF4B-00C04F79EFBC}") = "BookComparer", "BookComparer\BookComparer.csproj", "{DA07AC2C-2B3A-4AD4-AB53-24FB4C1578BD}"
EndProject
Project("{FAE04EC0-301F-11D3-BF4B-00C04F79EFBC}") = "ListyIteratorPgm", "ListyIteratorPgm\ListyIteratorPgm.csproj", "{72EC8A1E-87B2-4BF3-853F-316938F64196}"
EndProject
Project("{FAE04EC0-301F-11D3-BF4B-00C04F79EFBC}") = "Collection", "Collection\Collection.csproj", "{F6BE117E-22E3-4B4B-A220-82C53F9231CD}"
EndProject
Project("{FAE04EC0-301F-11D3-BF4B-00C04F79EFBC}") = "Stack", "Stack\Stack.csproj", "{E80908D5-CFB7-4EDE-B914-CADDDC6A27BF}"
EndProject
Project("{FAE04EC0-301F-11D3-BF4B-00C04F79EFBC}") = "ComparingObjects", "ComparingObjects\ComparingObjects.csproj", "{242FE754-7ABF-4085-B40B-67DAC6D8B6E9}"
EndProject
Project("{FAE04EC0-301F-11D3-BF4B-00C04F79EFBC}") = "EqualityLogic", "EqualityLogic\EqualityLogic.csproj", "{A0A94C14-2C37-43FD-B12B-2AD11A58B007}"
EndProject
Project("{FAE04EC0-301F-11D3-BF4B-00C04F79EFBC}") = "Froggy", "Froggy\Froggy.csproj", "{B9E87399-3415-4FC1-8577-D0B1A6C134BD}"
EndProject
Project("{FAE04EC0-301F-11D3-BF4B-00C04F79EFBC}") = "PetClinic", "PetClinic\PetClinic.csproj", "{6D39E9B4-5781-47F5-A56A-5AA9AAC4B7A1}"
EndProject
Project("{FAE04EC0-301F-11D3-BF4B-00C04F79EFBC}") = "StrategyPattern", "StrategyPattern\StrategyPattern.csproj", "{A56F689A-C664-482E-96ED-86576746391E}"
EndProject
Project("{FAE04EC0-301F-11D3-BF4B-00C04F79EFBC}") = "LinkedListTraversal", "LinkedListTraversal\LinkedListTraversal.csproj", "{E788FEBF-31CF-462F-9307-AB4AAA2036CA}"
EndProject
Global
	GlobalSection(SolutionConfigurationPlatforms) = preSolution
		Debug|Any CPU = Debug|Any CPU
		Release|Any CPU = Release|Any CPU
	EndGlobalSection
	GlobalSection(ProjectConfigurationPlatforms) = postSolution
		{878D9DF9-68B2-4A76-BC31-F8E60E46E78C}.Debug|Any CPU.ActiveCfg = Debug|Any CPU
		{878D9DF9-68B2-4A76-BC31-F8E60E46E78C}.Debug|Any CPU.Build.0 = Debug|Any CPU
		{878D9DF9-68B2-4A76-BC31-F8E60E46E78C}.Release|Any CPU.ActiveCfg = Release|Any CPU
		{878D9DF9-68B2-4A76-BC31-F8E60E46E78C}.Release|Any CPU.Build.0 = Release|Any CPU
		{685D2B18-56FA-4068-A160-39CDB1CC47EF}.Debug|Any CPU.ActiveCfg = Debug|Any CPU
		{685D2B18-56FA-4068-A160-39CDB1CC47EF}.Debug|Any CPU.Build.0 = Debug|Any CPU
		{685D2B18-56FA-4068-A160-39CDB1CC47EF}.Release|Any CPU.ActiveCfg = Release|Any CPU
		{685D2B18-56FA-4068-A160-39CDB1CC47EF}.Release|Any CPU.Build.0 = Release|Any CPU
		{9FAB89A7-99C3-4B4F-B146-2C619D79C286}.Debug|Any CPU.ActiveCfg = Debug|Any CPU
		{9FAB89A7-99C3-4B4F-B146-2C619D79C286}.Debug|Any CPU.Build.0 = Debug|Any CPU
		{9FAB89A7-99C3-4B4F-B146-2C619D79C286}.Release|Any CPU.ActiveCfg = Release|Any CPU
		{9FAB89A7-99C3-4B4F-B146-2C619D79C286}.Release|Any CPU.Build.0 = Release|Any CPU
		{DA07AC2C-2B3A-4AD4-AB53-24FB4C1578BD}.Debug|Any CPU.ActiveCfg = Debug|Any CPU
		{DA07AC2C-2B3A-4AD4-AB53-24FB4C1578BD}.Debug|Any CPU.Build.0 = Debug|Any CPU
		{DA07AC2C-2B3A-4AD4-AB53-24FB4C1578BD}.Release|Any CPU.ActiveCfg = Release|Any CPU
		{DA07AC2C-2B3A-4AD4-AB53-24FB4C1578BD}.Release|Any CPU.Build.0 = Release|Any CPU
		{72EC8A1E-87B2-4BF3-853F-316938F64196}.Debug|Any CPU.ActiveCfg = Debug|Any CPU
		{72EC8A1E-87B2-4BF3-853F-316938F64196}.Debug|Any CPU.Build.0 = Debug|Any CPU
		{72EC8A1E-87B2-4BF3-853F-316938F64196}.Release|Any CPU.ActiveCfg = Release|Any CPU
		{72EC8A1E-87B2-4BF3-853F-316938F64196}.Release|Any CPU.Build.0 = Release|Any CPU
		{F6BE117E-22E3-4B4B-A220-82C53F9231CD}.Debug|Any CPU.ActiveCfg = Debug|Any CPU
		{F6BE117E-22E3-4B4B-A220-82C53F9231CD}.Debug|Any CPU.Build.0 = Debug|Any CPU
		{F6BE117E-22E3-4B4B-A220-82C53F9231CD}.Release|Any CPU.ActiveCfg = Release|Any CPU
		{F6BE117E-22E3-4B4B-A220-82C53F9231CD}.Release|Any CPU.Build.0 = Release|Any CPU
		{E80908D5-CFB7-4EDE-B914-CADDDC6A27BF}.Debug|Any CPU.ActiveCfg = Debug|Any CPU
		{E80908D5-CFB7-4EDE-B914-CADDDC6A27BF}.Debug|Any CPU.Build.0 = Debug|Any CPU
		{E80908D5-CFB7-4EDE-B914-CADDDC6A27BF}.Release|Any CPU.ActiveCfg = Release|Any CPU
		{E80908D5-CFB7-4EDE-B914-CADDDC6A27BF}.Release|Any CPU.Build.0 = Release|Any CPU
		{242FE754-7ABF-4085-B40B-67DAC6D8B6E9}.Debug|Any CPU.ActiveCfg = Debug|Any CPU
		{242FE754-7ABF-4085-B40B-67DAC6D8B6E9}.Debug|Any CPU.Build.0 = Debug|Any CPU
		{242FE754-7ABF-4085-B40B-67DAC6D8B6E9}.Release|Any CPU.ActiveCfg = Release|Any CPU
		{242FE754-7ABF-4085-B40B-67DAC6D8B6E9}.Release|Any CPU.Build.0 = Release|Any CPU
		{A0A94C14-2C37-43FD-B12B-2AD11A58B007}.Debug|Any CPU.ActiveCfg = Debug|Any CPU
		{A0A94C14-2C37-43FD-B12B-2AD11A58B007}.Debug|Any CPU.Build.0 = Debug|Any CPU
		{A0A94C14-2C37-43FD-B12B-2AD11A58B007}.Release|Any CPU.ActiveCfg = Release|Any CPU
		{A0A94C14-2C37-43FD-B12B-2AD11A58B007}.Release|Any CPU.Build.0 = Release|Any CPU
		{B9E87399-3415-4FC1-8577-D0B1A6C134BD}.Debug|Any CPU.ActiveCfg = Debug|Any CPU
		{B9E87399-3415-4FC1-8577-D0B1A6C134BD}.Debug|Any CPU.Build.0 = Debug|Any CPU
		{B9E87399-3415-4FC1-8577-D0B1A6C134BD}.Release|Any CPU.ActiveCfg = Release|Any CPU
		{B9E87399-3415-4FC1-8577-D0B1A6C134BD}.Release|Any CPU.Build.0 = Release|Any CPU
		{6D39E9B4-5781-47F5-A56A-5AA9AAC4B7A1}.Debug|Any CPU.ActiveCfg = Debug|Any CPU
		{6D39E9B4-5781-47F5-A56A-5AA9AAC4B7A1}.Debug|Any CPU.Build.0 = Debug|Any CPU
		{6D39E9B4-5781-47F5-A56A-5AA9AAC4B7A1}.Release|Any CPU.ActiveCfg = Release|Any CPU
		{6D39E9B4-5781-47F5-A56A-5AA9AAC4B7A1}.Release|Any CPU.Build.0 = Release|Any CPU
		{A56F689A-C664-482E-96ED-86576746391E}.Debug|Any CPU.ActiveCfg = Debug|Any CPU
		{A56F689A-C664-482E-96ED-86576746391E}.Debug|Any CPU.Build.0 = Debug|Any CPU
		{A56F689A-C664-482E-96ED-86576746391E}.Release|Any CPU.ActiveCfg = Release|Any CPU
		{A56F689A-C664-482E-96ED-86576746391E}.Release|Any CPU.Build.0 = Release|Any CPU
		{E788FEBF-31CF-462F-9307-AB4AAA2036CA}.Debug|Any CPU.ActiveCfg = Debug|Any CPU
		{E788FEBF-31CF-462F-9307-AB4AAA2036CA}.Debug|Any CPU.Build.0 = Debug|Any CPU
		{E788FEBF-31CF-462F-9307-AB4AAA2036CA}.Release|Any CPU.ActiveCfg = Release|Any CPU
		{E788FEBF-31CF-462F-9307-AB4AAA2036CA}.Release|Any CPU.Build.0 = Release|Any CPU
	EndGlobalSection
	GlobalSection(SolutionProperties) = preSolution
		HideSolutionNode = FALSE
	EndGlobalSection
EndGlobal
