
Microsoft Visual Studio Solution File, Format Version 12.00
# Visual Studio 14
VisualStudioVersion = 14.0.25420.1
MinimumVisualStudioVersion = 10.0.40219.1
Project("{FAE04EC0-301F-11D3-BF4B-00C04F79EFBC}") = "LibraryPgm", "LibraryPgm\LibraryPgm.csproj", "{878D9DF9-68B2-4A76-BC31-F8E60E46E78C}"
EndProject
Project("{FAE04EC0-301F-11D3-BF4B-00C04F79EFBC}") = "LibraryIteratorPgm", "LibraryIteratorPgm\LibraryIteratorPgm.csproj", "{685D2B18-56FA-4068-A160-39CDB1CC47EF}"
EndProject
Project("{FAE04EC0-301F-11D3-BF4B-00C04F79EFBC}") = "ComparableBook", "ComparableBook\ComparableBook.csproj", "{9FAB89A7-99C3-4B4F-B146-2C619D79C286}"
EndProject
Project("{FAE04EC0-301F-11D3-BF4B-00C04F79EFBC}") = "BookComparer", "BookComparer\BookComparer.csproj", "{DA07AC2C-2B3A-4AD4-AB53-24FB4C1578BD}"
EndProject
Project("{FAE04EC0-301F-11D3-BF4B-00C04F79EFBC}") = "ListyIteratorPgm", "ListyIteratorPgm\ListyIteratorPgm.csproj", "{72EC8A1E-87B2-4BF3-853F-316938F64196}"
EndProject
Project("{FAE04EC0-301F-11D3-BF4B-00C04F79EFBC}") = "Collection", "Collection\Collection.csproj", "{F6BE117E-22E3-4B4B-A220-82C53F9231CD}"
EndProject
Project("{FAE04EC0-301F-11D3-BF4B-00C04F79EFBC}") = "Stack", "Stack\Stack.csproj", "{E80908D5-CFB7-4EDE-B914-CADDDC6A27BF}"
EndProject
Global
	GlobalSection(SolutionConfigurationPlatforms) = preSolution
		Debug|Any CPU = Debug|Any CPU
		Release|Any CPU = Release|Any CPU
	EndGlobalSection
	GlobalSection(ProjectConfigurationPlatforms) = postSolution
		{878D9DF9-68B2-4A76-BC31-F8E60E46E78C}.Debug|Any CPU.ActiveCfg = Debug|Any CPU
		{878D9DF9-68B2-4A76-BC31-F8E60E46E78C}.Debug|Any CPU.Build.0 = Debug|Any CPU
		{878D9DF9-68B2-4A76-BC31-F8E60E46E78C}.Release|Any CPU.ActiveCfg = Release|Any CPU
		{878D9DF9-68B2-4A76-BC31-F8E60E46E78C}.Release|Any CPU.Build.0 = Release|Any CPU
		{685D2B18-56FA-4068-A160-39CDB1CC47EF}.Debug|Any CPU.ActiveCfg = Debug|Any CPU
		{685D2B18-56FA-4068-A160-39CDB1CC47EF}.Debug|Any CPU.Build.0 = Debug|Any CPU
		{685D2B18-56FA-4068-A160-39CDB1CC47EF}.Release|Any CPU.ActiveCfg = Release|Any CPU
		{685D2B18-56FA-4068-A160-39CDB1CC47EF}.Release|Any CPU.Build.0 = Release|Any CPU
		{9FAB89A7-99C3-4B4F-B146-2C619D79C286}.Debug|Any CPU.ActiveCfg = Debug|Any CPU
		{9FAB89A7-99C3-4B4F-B146-2C619D79C286}.Debug|Any CPU.Build.0 = Debug|Any CPU
		{9FAB89A7-99C3-4B4F-B146-2C619D79C286}.Release|Any CPU.ActiveCfg = Release|Any CPU
		{9FAB89A7-99C3-4B4F-B146-2C619D79C286}.Release|Any CPU.Build.0 = Release|Any CPU
		{DA07AC2C-2B3A-4AD4-AB53-24FB4C1578BD}.Debug|Any CPU.ActiveCfg = Debug|Any CPU
		{DA07AC2C-2B3A-4AD4-AB53-24FB4C1578BD}.Debug|Any CPU.Build.0 = Debug|Any CPU
		{DA07AC2C-2B3A-4AD4-AB53-24FB4C1578BD}.Release|Any CPU.ActiveCfg = Release|Any CPU
		{DA07AC2C-2B3A-4AD4-AB53-24FB4C1578BD}.Release|Any CPU.Build.0 = Release|Any CPU
		{72EC8A1E-87B2-4BF3-853F-316938F64196}.Debug|Any CPU.ActiveCfg = Debug|Any CPU
		{72EC8A1E-87B2-4BF3-853F-316938F64196}.Debug|Any CPU.Build.0 = Debug|Any CPU
		{72EC8A1E-87B2-4BF3-853F-316938F64196}.Release|Any CPU.ActiveCfg = Release|Any CPU
		{72EC8A1E-87B2-4BF3-853F-316938F64196}.Release|Any CPU.Build.0 = Release|Any CPU
		{F6BE117E-22E3-4B4B-A220-82C53F9231CD}.Debug|Any CPU.ActiveCfg = Debug|Any CPU
		{F6BE117E-22E3-4B4B-A220-82C53F9231CD}.Debug|Any CPU.Build.0 = Debug|Any CPU
		{F6BE117E-22E3-4B4B-A220-82C53F9231CD}.Release|Any CPU.ActiveCfg = Release|Any CPU
		{F6BE117E-22E3-4B4B-A220-82C53F9231CD}.Release|Any CPU.Build.0 = Release|Any CPU
		{E80908D5-CFB7-4EDE-B914-CADDDC6A27BF}.Debug|Any CPU.ActiveCfg = Debug|Any CPU
		{E80908D5-CFB7-4EDE-B914-CADDDC6A27BF}.Debug|Any CPU.Build.0 = Debug|Any CPU
		{E80908D5-CFB7-4EDE-B914-CADDDC6A27BF}.Release|Any CPU.ActiveCfg = Release|Any CPU
		{E80908D5-CFB7-4EDE-B914-CADDDC6A27BF}.Release|Any CPU.Build.0 = Release|Any CPU
	EndGlobalSection
	GlobalSection(SolutionProperties) = preSolution
		HideSolutionNode = FALSE
	EndGlobalSection
EndGlobal
