
Microsoft Visual Studio Solution File, Format Version 12.00
# Visual Studio 15
VisualStudioVersion = 15.0.26430.16
MinimumVisualStudioVersion = 10.0.40219.1
Project("{FAE04EC0-301F-11D3-BF4B-00C04F79EFBC}") = "Shapes", "Shapes\Shapes.csproj", "{8A4A14D1-2CE8-4AB4-9CFB-4E21CCF7AED9}"
EndProject
Project("{FAE04EC0-301F-11D3-BF4B-00C04F79EFBC}") = "Cars", "Cars\Cars.csproj", "{ADA57C31-5F26-4047-B5D2-90DDB59CC90D}"
EndProject
Project("{FAE04EC0-301F-11D3-BF4B-00C04F79EFBC}") = "DefineInterfaceIPerson", "DefineInterfaceIPerson\DefineInterfaceIPerson.csproj", "{053F557F-BC78-464C-ABA6-F850C7D42337}"
EndProject
Project("{FAE04EC0-301F-11D3-BF4B-00C04F79EFBC}") = "MultipleImplementation", "MultipleImplementation\MultipleImplementation.csproj", "{8B84EF16-077F-4B00-862F-B9F59D76ACC5}"
EndProject
Project("{FAE04EC0-301F-11D3-BF4B-00C04F79EFBC}") = "FerrariPgm", "FerrariPgm\FerrariPgm.csproj", "{61A571BC-AB2F-49B7-B98D-90F3090AB6F7}"
EndProject
Project("{FAE04EC0-301F-11D3-BF4B-00C04F79EFBC}") = "Telephony", "Telephony\Telephony.csproj", "{677FEF05-F745-4855-9724-E34B5284B84E}"
EndProject
Project("{FAE04EC0-301F-11D3-BF4B-00C04F79EFBC}") = "BorderControl", "BorderControl\BorderControl.csproj", "{91A10120-6A2A-4CC5-89EA-217E1E9A1411}"
EndProject
Project("{FAE04EC0-301F-11D3-BF4B-00C04F79EFBC}") = "BirthdayCelebrations", "BirthdayCelebrations\BirthdayCelebrations.csproj", "{BCB0A63E-0C06-4D7E-8B12-AB24C9D8FD44}"
EndProject
Project("{FAE04EC0-301F-11D3-BF4B-00C04F79EFBC}") = "CollectionHierarchy", "CollectionHierarchy\CollectionHierarchy.csproj", "{043E7641-62EF-4560-B2D1-51AC1381A481}"
EndProject
Project("{FAE04EC0-301F-11D3-BF4B-00C04F79EFBC}") = "FoodShortage", "FoodShortage\FoodShortage.csproj", "{2F497307-91F8-4B4E-9A41-12B83EB2512F}"
EndProject
Project("{FAE04EC0-301F-11D3-BF4B-00C04F79EFBC}") = "MilitaryElite", "MilitaryElite\MilitaryElite.csproj", "{02194555-6903-47EA-AA84-E69FE40B3F2A}"
EndProject
Project("{FAE04EC0-301F-11D3-BF4B-00C04F79EFBC}") = "ExplicitInterfaces", "ExplicitInterfaces\ExplicitInterfaces.csproj", "{FBF039F5-7C17-4908-B9FA-19A37D2E4136}"
EndProject
Global
	GlobalSection(SolutionConfigurationPlatforms) = preSolution
		Debug|Any CPU = Debug|Any CPU
		Release|Any CPU = Release|Any CPU
	EndGlobalSection
	GlobalSection(ProjectConfigurationPlatforms) = postSolution
		{8A4A14D1-2CE8-4AB4-9CFB-4E21CCF7AED9}.Debug|Any CPU.ActiveCfg = Debug|Any CPU
		{8A4A14D1-2CE8-4AB4-9CFB-4E21CCF7AED9}.Debug|Any CPU.Build.0 = Debug|Any CPU
		{8A4A14D1-2CE8-4AB4-9CFB-4E21CCF7AED9}.Release|Any CPU.ActiveCfg = Release|Any CPU
		{8A4A14D1-2CE8-4AB4-9CFB-4E21CCF7AED9}.Release|Any CPU.Build.0 = Release|Any CPU
		{ADA57C31-5F26-4047-B5D2-90DDB59CC90D}.Debug|Any CPU.ActiveCfg = Debug|Any CPU
		{ADA57C31-5F26-4047-B5D2-90DDB59CC90D}.Debug|Any CPU.Build.0 = Debug|Any CPU
		{ADA57C31-5F26-4047-B5D2-90DDB59CC90D}.Release|Any CPU.ActiveCfg = Release|Any CPU
		{ADA57C31-5F26-4047-B5D2-90DDB59CC90D}.Release|Any CPU.Build.0 = Release|Any CPU
		{053F557F-BC78-464C-ABA6-F850C7D42337}.Debug|Any CPU.ActiveCfg = Debug|Any CPU
		{053F557F-BC78-464C-ABA6-F850C7D42337}.Debug|Any CPU.Build.0 = Debug|Any CPU
		{053F557F-BC78-464C-ABA6-F850C7D42337}.Release|Any CPU.ActiveCfg = Release|Any CPU
		{053F557F-BC78-464C-ABA6-F850C7D42337}.Release|Any CPU.Build.0 = Release|Any CPU
		{8B84EF16-077F-4B00-862F-B9F59D76ACC5}.Debug|Any CPU.ActiveCfg = Debug|Any CPU
		{8B84EF16-077F-4B00-862F-B9F59D76ACC5}.Debug|Any CPU.Build.0 = Debug|Any CPU
		{8B84EF16-077F-4B00-862F-B9F59D76ACC5}.Release|Any CPU.ActiveCfg = Release|Any CPU
		{8B84EF16-077F-4B00-862F-B9F59D76ACC5}.Release|Any CPU.Build.0 = Release|Any CPU
		{61A571BC-AB2F-49B7-B98D-90F3090AB6F7}.Debug|Any CPU.ActiveCfg = Debug|Any CPU
		{61A571BC-AB2F-49B7-B98D-90F3090AB6F7}.Debug|Any CPU.Build.0 = Debug|Any CPU
		{61A571BC-AB2F-49B7-B98D-90F3090AB6F7}.Release|Any CPU.ActiveCfg = Release|Any CPU
		{61A571BC-AB2F-49B7-B98D-90F3090AB6F7}.Release|Any CPU.Build.0 = Release|Any CPU
		{677FEF05-F745-4855-9724-E34B5284B84E}.Debug|Any CPU.ActiveCfg = Debug|Any CPU
		{677FEF05-F745-4855-9724-E34B5284B84E}.Debug|Any CPU.Build.0 = Debug|Any CPU
		{677FEF05-F745-4855-9724-E34B5284B84E}.Release|Any CPU.ActiveCfg = Release|Any CPU
		{677FEF05-F745-4855-9724-E34B5284B84E}.Release|Any CPU.Build.0 = Release|Any CPU
		{91A10120-6A2A-4CC5-89EA-217E1E9A1411}.Debug|Any CPU.ActiveCfg = Debug|Any CPU
		{91A10120-6A2A-4CC5-89EA-217E1E9A1411}.Debug|Any CPU.Build.0 = Debug|Any CPU
		{91A10120-6A2A-4CC5-89EA-217E1E9A1411}.Release|Any CPU.ActiveCfg = Release|Any CPU
		{91A10120-6A2A-4CC5-89EA-217E1E9A1411}.Release|Any CPU.Build.0 = Release|Any CPU
		{BCB0A63E-0C06-4D7E-8B12-AB24C9D8FD44}.Debug|Any CPU.ActiveCfg = Debug|Any CPU
		{BCB0A63E-0C06-4D7E-8B12-AB24C9D8FD44}.Debug|Any CPU.Build.0 = Debug|Any CPU
		{BCB0A63E-0C06-4D7E-8B12-AB24C9D8FD44}.Release|Any CPU.ActiveCfg = Release|Any CPU
		{BCB0A63E-0C06-4D7E-8B12-AB24C9D8FD44}.Release|Any CPU.Build.0 = Release|Any CPU
		{043E7641-62EF-4560-B2D1-51AC1381A481}.Debug|Any CPU.ActiveCfg = Debug|Any CPU
		{043E7641-62EF-4560-B2D1-51AC1381A481}.Debug|Any CPU.Build.0 = Debug|Any CPU
		{043E7641-62EF-4560-B2D1-51AC1381A481}.Release|Any CPU.ActiveCfg = Release|Any CPU
		{043E7641-62EF-4560-B2D1-51AC1381A481}.Release|Any CPU.Build.0 = Release|Any CPU
		{2F497307-91F8-4B4E-9A41-12B83EB2512F}.Debug|Any CPU.ActiveCfg = Debug|Any CPU
		{2F497307-91F8-4B4E-9A41-12B83EB2512F}.Debug|Any CPU.Build.0 = Debug|Any CPU
		{2F497307-91F8-4B4E-9A41-12B83EB2512F}.Release|Any CPU.ActiveCfg = Release|Any CPU
		{2F497307-91F8-4B4E-9A41-12B83EB2512F}.Release|Any CPU.Build.0 = Release|Any CPU
		{02194555-6903-47EA-AA84-E69FE40B3F2A}.Debug|Any CPU.ActiveCfg = Debug|Any CPU
		{02194555-6903-47EA-AA84-E69FE40B3F2A}.Debug|Any CPU.Build.0 = Debug|Any CPU
		{02194555-6903-47EA-AA84-E69FE40B3F2A}.Release|Any CPU.ActiveCfg = Release|Any CPU
		{02194555-6903-47EA-AA84-E69FE40B3F2A}.Release|Any CPU.Build.0 = Release|Any CPU
		{FBF039F5-7C17-4908-B9FA-19A37D2E4136}.Debug|Any CPU.ActiveCfg = Debug|Any CPU
		{FBF039F5-7C17-4908-B9FA-19A37D2E4136}.Debug|Any CPU.Build.0 = Debug|Any CPU
		{FBF039F5-7C17-4908-B9FA-19A37D2E4136}.Release|Any CPU.ActiveCfg = Release|Any CPU
		{FBF039F5-7C17-4908-B9FA-19A37D2E4136}.Release|Any CPU.Build.0 = Release|Any CPU
	EndGlobalSection
	GlobalSection(SolutionProperties) = preSolution
		HideSolutionNode = FALSE
	EndGlobalSection
EndGlobal
